
Microsoft Visual Studio Solution File, Format Version 12.00
# Visual Studio 2012
Project("{FAE04EC0-301F-11D3-BF4B-00C04F79EFBC}") = "HttpClient", "Shared\HttpClient\HttpClient.csproj", "{878EABFE-E7AB-48AE-BF6B-36343AA8582D}"
EndProject
Project("{FAE04EC0-301F-11D3-BF4B-00C04F79EFBC}") = "OpenBookingSample", "Open Booking\OpenBookingSample.csproj", "{2237BB9A-7F7F-4207-A94D-B7FF64A43D9C}"
EndProject
Global
	GlobalSection(SolutionConfigurationPlatforms) = preSolution
		Debug|Any CPU = Debug|Any CPU
		Release|Any CPU = Release|Any CPU
	EndGlobalSection
	GlobalSection(ProjectConfigurationPlatforms) = postSolution
		{878EABFE-E7AB-48AE-BF6B-36343AA8582D}.Debug|Any CPU.ActiveCfg = Debug|Any CPU
		{878EABFE-E7AB-48AE-BF6B-36343AA8582D}.Debug|Any CPU.Build.0 = Debug|Any CPU
		{878EABFE-E7AB-48AE-BF6B-36343AA8582D}.Release|Any CPU.ActiveCfg = Release|Any CPU
		{878EABFE-E7AB-48AE-BF6B-36343AA8582D}.Release|Any CPU.Build.0 = Release|Any CPU
		{2237BB9A-7F7F-4207-A94D-B7FF64A43D9C}.Debug|Any CPU.ActiveCfg = Debug|Any CPU
		{2237BB9A-7F7F-4207-A94D-B7FF64A43D9C}.Debug|Any CPU.Build.0 = Debug|Any CPU
		{2237BB9A-7F7F-4207-A94D-B7FF64A43D9C}.Release|Any CPU.ActiveCfg = Release|Any CPU
		{2237BB9A-7F7F-4207-A94D-B7FF64A43D9C}.Release|Any CPU.Build.0 = Release|Any CPU
	EndGlobalSection
	GlobalSection(SolutionProperties) = preSolution
		HideSolutionNode = FALSE
	EndGlobalSection
EndGlobal
